
Microsoft Visual Studio Solution File, Format Version 12.00
# Visual Studio Version 17
VisualStudioVersion = 17.14.36408.4 d17.14
MinimumVisualStudioVersion = 10.0.40219.1
Project("{FAE04EC0-301F-11D3-BF4B-00C04F79EFBC}") = "AlumniBackend", "AlumniBackend\AlumniBackend.csproj", "{289D8308-8241-4311-993E-58C8005C0252}"
EndProject
Global
	GlobalSection(SolutionConfigurationPlatforms) = preSolution
		Debug|Any CPU = Debug|Any CPU
		Release|Any CPU = Release|Any CPU
	EndGlobalSection
	GlobalSection(ProjectConfigurationPlatforms) = postSolution
		{289D8308-8241-4311-993E-58C8005C0252}.Debug|Any CPU.ActiveCfg = Debug|Any CPU
		{289D8308-8241-4311-993E-58C8005C0252}.Debug|Any CPU.Build.0 = Debug|Any CPU
		{289D8308-8241-4311-993E-58C8005C0252}.Release|Any CPU.ActiveCfg = Release|Any CPU
		{289D8308-8241-4311-993E-58C8005C0252}.Release|Any CPU.Build.0 = Release|Any CPU
	EndGlobalSection
	GlobalSection(SolutionProperties) = preSolution
		HideSolutionNode = FALSE
	EndGlobalSection
	GlobalSection(ExtensibilityGlobals) = postSolution
		SolutionGuid = {9437D63D-E219-4AD7-B75C-56FDEF080A30}
	EndGlobalSection
EndGlobal
